
Microsoft Visual Studio Solution File, Format Version 12.00
# Visual Studio Version 17
VisualStudioVersion = 17.6.33829.357
MinimumVisualStudioVersion = 10.0.40219.1
Project("{FAE04EC0-301F-11D3-BF4B-00C04F79EFBC}") = "huebobo.web", "huebobo.web\huebobo.web.csproj", "{9AD9B65A-A266-4024-8A82-F7D94095AF51}"
EndProject
Global
	GlobalSection(SolutionConfigurationPlatforms) = preSolution
		Debug|Any CPU = Debug|Any CPU
		Release|Any CPU = Release|Any CPU
	EndGlobalSection
	GlobalSection(ProjectConfigurationPlatforms) = postSolution
		{9AD9B65A-A266-4024-8A82-F7D94095AF51}.Debug|Any CPU.ActiveCfg = Debug|Any CPU
		{9AD9B65A-A266-4024-8A82-F7D94095AF51}.Debug|Any CPU.Build.0 = Debug|Any CPU
		{9AD9B65A-A266-4024-8A82-F7D94095AF51}.Release|Any CPU.ActiveCfg = Release|Any CPU
		{9AD9B65A-A266-4024-8A82-F7D94095AF51}.Release|Any CPU.Build.0 = Release|Any CPU
	EndGlobalSection
	GlobalSection(SolutionProperties) = preSolution
		HideSolutionNode = FALSE
	EndGlobalSection
	GlobalSection(ExtensibilityGlobals) = postSolution
		SolutionGuid = {5CB07286-39C5-4A99-8919-77BCB85E18A3}
	EndGlobalSection
EndGlobal
